
Microsoft Visual Studio Solution File, Format Version 12.00
# Visual Studio Version 17
VisualStudioVersion = 17.0.31903.59
MinimumVisualStudioVersion = 10.0.40219.1
Project("{FAE04EC0-301F-11D3-BF4B-00C04F79EFBC}") = "Test Area", "Test Area\Test Area.csproj", "{DC79C5AF-E65F-4D26-AC3C-123F35EBF207}"
EndProject
Global
	GlobalSection(SolutionConfigurationPlatforms) = preSolution
		Debug|Any CPU = Debug|Any CPU
		Release|Any CPU = Release|Any CPU
	EndGlobalSection
	GlobalSection(SolutionProperties) = preSolution
		HideSolutionNode = FALSE
	EndGlobalSection
	GlobalSection(ProjectConfigurationPlatforms) = postSolution
		{DC79C5AF-E65F-4D26-AC3C-123F35EBF207}.Debug|Any CPU.ActiveCfg = Debug|Any CPU
		{DC79C5AF-E65F-4D26-AC3C-123F35EBF207}.Debug|Any CPU.Build.0 = Debug|Any CPU
		{DC79C5AF-E65F-4D26-AC3C-123F35EBF207}.Release|Any CPU.ActiveCfg = Release|Any CPU
		{DC79C5AF-E65F-4D26-AC3C-123F35EBF207}.Release|Any CPU.Build.0 = Release|Any CPU
	EndGlobalSection
EndGlobal
